
Microsoft Visual Studio Solution File, Format Version 12.00
# Visual Studio Version 17
VisualStudioVersion = 17.0.31903.59
MinimumVisualStudioVersion = 10.0.40219.1
Project("{9A19103F-16F7-4668-BE54-9A1E7A4F7556}") = "ReadFile", "ReadFile\ReadFile.csproj", "{B918B8B0-126F-4A8E-BF9A-13892C682E74}"
EndProject
Project("{9A19103F-16F7-4668-BE54-9A1E7A4F7556}") = "Download", "Download\Download.csproj", "{0176D829-74CD-4E73-A8B4-3826A7D31CC2}"
EndProject
Global
	GlobalSection(SolutionConfigurationPlatforms) = preSolution
		Debug|Any CPU = Debug|Any CPU
		Release|Any CPU = Release|Any CPU
	EndGlobalSection
	GlobalSection(ProjectConfigurationPlatforms) = postSolution
		{B918B8B0-126F-4A8E-BF9A-13892C682E74}.Debug|Any CPU.ActiveCfg = Debug|Any CPU
		{B918B8B0-126F-4A8E-BF9A-13892C682E74}.Debug|Any CPU.Build.0 = Debug|Any CPU
		{B918B8B0-126F-4A8E-BF9A-13892C682E74}.Release|Any CPU.ActiveCfg = Release|Any CPU
		{B918B8B0-126F-4A8E-BF9A-13892C682E74}.Release|Any CPU.Build.0 = Release|Any CPU
		{0176D829-74CD-4E73-A8B4-3826A7D31CC2}.Debug|Any CPU.ActiveCfg = Debug|Any CPU
		{0176D829-74CD-4E73-A8B4-3826A7D31CC2}.Debug|Any CPU.Build.0 = Debug|Any CPU
		{0176D829-74CD-4E73-A8B4-3826A7D31CC2}.Release|Any CPU.ActiveCfg = Release|Any CPU
		{0176D829-74CD-4E73-A8B4-3826A7D31CC2}.Release|Any CPU.Build.0 = Release|Any CPU
	EndGlobalSection
	GlobalSection(SolutionProperties) = preSolution
		HideSolutionNode = FALSE
	EndGlobalSection
	GlobalSection(ExtensibilityGlobals) = postSolution
		SolutionGuid = {44EEA8A5-CA72-4907-A591-AB6557BE0F21}
	EndGlobalSection
EndGlobal
